
Microsoft Visual Studio Solution File, Format Version 12.00
# Visual Studio Version 16
VisualStudioVersion = 16.0.33214.272
MinimumVisualStudioVersion = 10.0.40219.1
Project("{FAE04EC0-301F-11D3-BF4B-00C04F79EFBC}") = "Libreria", "Libreria\Libreria.csproj", "{6909FE72-9394-4A87-B69E-8C9C69258AE7}"
EndProject
Global
	GlobalSection(SolutionConfigurationPlatforms) = preSolution
		Debug|Any CPU = Debug|Any CPU
		Release|Any CPU = Release|Any CPU
	EndGlobalSection
	GlobalSection(ProjectConfigurationPlatforms) = postSolution
		{6909FE72-9394-4A87-B69E-8C9C69258AE7}.Debug|Any CPU.ActiveCfg = Debug|Any CPU
		{6909FE72-9394-4A87-B69E-8C9C69258AE7}.Debug|Any CPU.Build.0 = Debug|Any CPU
		{6909FE72-9394-4A87-B69E-8C9C69258AE7}.Release|Any CPU.ActiveCfg = Release|Any CPU
		{6909FE72-9394-4A87-B69E-8C9C69258AE7}.Release|Any CPU.Build.0 = Release|Any CPU
	EndGlobalSection
	GlobalSection(SolutionProperties) = preSolution
		HideSolutionNode = FALSE
	EndGlobalSection
	GlobalSection(ExtensibilityGlobals) = postSolution
		SolutionGuid = {69D3118F-F2A4-4190-971E-9D67C63AF9A0}
	EndGlobalSection
EndGlobal
